
Microsoft Visual Studio Solution File, Format Version 12.00
# Visual Studio Version 17
VisualStudioVersion = 17.5.33627.172
MinimumVisualStudioVersion = 10.0.40219.1
Project("{9A19103F-16F7-4668-BE54-9A1E7A4F7556}") = "InstagramPlusProjekt", "InstagramPlusProjekt.csproj", "{14E23EC5-FEF5-492E-BACB-9943B5561BBC}"
EndProject
Global
	GlobalSection(SolutionConfigurationPlatforms) = preSolution
		Debug|Any CPU = Debug|Any CPU
		Release|Any CPU = Release|Any CPU
	EndGlobalSection
	GlobalSection(ProjectConfigurationPlatforms) = postSolution
		{14E23EC5-FEF5-492E-BACB-9943B5561BBC}.Debug|Any CPU.ActiveCfg = Debug|Any CPU
		{14E23EC5-FEF5-492E-BACB-9943B5561BBC}.Debug|Any CPU.Build.0 = Debug|Any CPU
		{14E23EC5-FEF5-492E-BACB-9943B5561BBC}.Release|Any CPU.ActiveCfg = Release|Any CPU
		{14E23EC5-FEF5-492E-BACB-9943B5561BBC}.Release|Any CPU.Build.0 = Release|Any CPU
	EndGlobalSection
	GlobalSection(SolutionProperties) = preSolution
		HideSolutionNode = FALSE
	EndGlobalSection
	GlobalSection(ExtensibilityGlobals) = postSolution
		SolutionGuid = {9E3FC0B6-D922-4362-A37D-DD4B425FE6C4}
	EndGlobalSection
EndGlobal
